
Microsoft Visual Studio Solution File, Format Version 12.00
# Visual Studio Version 17
VisualStudioVersion = 17.5.33516.290
MinimumVisualStudioVersion = 10.0.40219.1
Project("{8BC9CEB8-8B4A-11D0-8D11-00A0C91BC942}") = "2111033_H6_Q3", "2111033_H6_Q3.vcxproj", "{0B18AA7D-585E-4813-A615-18DF9160044D}"
EndProject
Global
	GlobalSection(SolutionConfigurationPlatforms) = preSolution
		Debug|x64 = Debug|x64
		Debug|x86 = Debug|x86
		Release|x64 = Release|x64
		Release|x86 = Release|x86
	EndGlobalSection
	GlobalSection(ProjectConfigurationPlatforms) = postSolution
		{0B18AA7D-585E-4813-A615-18DF9160044D}.Debug|x64.ActiveCfg = Debug|x64
		{0B18AA7D-585E-4813-A615-18DF9160044D}.Debug|x64.Build.0 = Debug|x64
		{0B18AA7D-585E-4813-A615-18DF9160044D}.Debug|x86.ActiveCfg = Debug|Win32
		{0B18AA7D-585E-4813-A615-18DF9160044D}.Debug|x86.Build.0 = Debug|Win32
		{0B18AA7D-585E-4813-A615-18DF9160044D}.Release|x64.ActiveCfg = Release|x64
		{0B18AA7D-585E-4813-A615-18DF9160044D}.Release|x64.Build.0 = Release|x64
		{0B18AA7D-585E-4813-A615-18DF9160044D}.Release|x86.ActiveCfg = Release|Win32
		{0B18AA7D-585E-4813-A615-18DF9160044D}.Release|x86.Build.0 = Release|Win32
	EndGlobalSection
	GlobalSection(SolutionProperties) = preSolution
		HideSolutionNode = FALSE
	EndGlobalSection
	GlobalSection(ExtensibilityGlobals) = postSolution
		SolutionGuid = {12EC1B70-020C-4E92-AFAF-319E00632B04}
	EndGlobalSection
EndGlobal
